{
  "version": 4,
  "terraform_version": "1.9.1",
  "serial": 154,
  "lineage": "e2f226e1-8dd9-f09c-e4e6-e651d7dd7406",
  "outputs": {},
  "resources": [
    {
      "mode": "data",
      "type": "archive_file",
      "name": "souece_ec2_start",
      "provider": "provider[\"registry.terraform.io/hashicorp/archive\"]",
      "instances": [
        {
          "schema_version": 0,
          "attributes": {
            "exclude_symlink_directories": null,
            "excludes": null,
            "id": "6ec3b45cb08c506003092cdff343cf3ac6268c9e",
            "output_base64sha256": "qOR5iFqESYVvf1Koolsz2Kmb8JDTl4y0cNjW7z59AxQ=",
            "output_base64sha512": "l/2OOtlLHZxm+1YSpGYXnc7sobhNQ6YT3TMpf309/y7ribtwWy/TicN1c7BAQ9YOfl9dlEZdV0rcxBBLa9Mgpw==",
            "output_file_mode": null,
            "output_md5": "8e575d4152482dcf7404b1e4b45c6322",
            "output_path": "ec2_start.zip",
            "output_sha": "6ec3b45cb08c506003092cdff343cf3ac6268c9e",
            "output_sha256": "a8e479885a8449856f7f52a8a25b33d8a99bf090d3978cb470d8d6ef3e7d0314",
            "output_sha512": "97fd8e3ad94b1d9c66fb5612a466179dceeca1b84d43a613dd33297f7d3dff2eeb89bb705b2fd389c37573b04043d60e7e5f5d94465d574adcc4104b6bd320a7",
            "output_size": 350,
            "source": [],
            "source_content": null,
            "source_content_filename": null,
            "source_dir": null,
            "source_file": "/Users/amanpreet/Documents/learn-terraform-aws-instance/terraform-scripts/ec2_start.py",
            "type": "zip"
          },
          "sensitive_attributes": []
        }
      ]
    },
    {
      "mode": "data",
      "type": "archive_file",
      "name": "souece_ec2_stop",
      "provider": "provider[\"registry.terraform.io/hashicorp/archive\"]",
      "instances": [
        {
          "schema_version": 0,
          "attributes": {
            "exclude_symlink_directories": null,
            "excludes": null,
            "id": "07585f6401ee4801dd3dfa4e1ea7c37ff10459b4",
            "output_base64sha256": "oAqE5eWWXE6NMK7+gYSxdJ9RZxtk9jkGMbYKvPnGMOE=",
            "output_base64sha512": "KWfqffcOcQOmK6LlJ18HsYQwmqIWeS8/+kiVuqLqt2CGRylh7gGEVNrBmue/w4TeCCTQN/koM451msOuZRLlEw==",
            "output_file_mode": null,
            "output_md5": "f38eb219e710035ecab34fc8e65b32e6",
            "output_path": "ec2_stop.zip",
            "output_sha": "07585f6401ee4801dd3dfa4e1ea7c37ff10459b4",
            "output_sha256": "a00a84e5e5965c4e8d30aefe8184b1749f51671b64f6390631b60abcf9c630e1",
            "output_sha512": "2967ea7df70e7103a62ba2e5275f07b184309aa216792f3ffa4895baa2eab76086472961ee018454dac19ae7bfc384de0824d037f928338e759ac3ae6512e513",
            "output_size": 322,
            "source": [],
            "source_content": null,
            "source_content_filename": null,
            "source_dir": null,
            "source_file": "/Users/amanpreet/Documents/learn-terraform-aws-instance/terraform-scripts/ec2_stop.py",
            "type": "zip"
          },
          "sensitive_attributes": []
        }
      ]
    },
    {
      "mode": "managed",
      "type": "aws_cloudwatch_event_rule",
      "name": "evening_rule",
      "provider": "provider[\"registry.terraform.io/hashicorp/aws\"]",
      "instances": [
        {
          "schema_version": 1,
          "attributes": {
            "arn": "arn:aws:events:us-east-1:211125435761:rule/evening_rule",
            "description": "Rule to trigger Lambda function at 6 PM",
            "event_bus_name": "default",
            "event_pattern": null,
            "force_destroy": false,
            "id": "evening_rule",
            "is_enabled": true,
            "name": "evening_rule",
            "name_prefix": "",
            "role_arn": "",
            "schedule_expression": "cron(0 18 * * ? *)",
            "state": "ENABLED",
            "tags": null,
            "tags_all": {}
          },
          "sensitive_attributes": [],
          "private": "eyJzY2hlbWFfdmVyc2lvbiI6IjEifQ=="
        }
      ]
    },
    {
      "mode": "managed",
      "type": "aws_cloudwatch_event_rule",
      "name": "morning_rule",
      "provider": "provider[\"registry.terraform.io/hashicorp/aws\"]",
      "instances": [
        {
          "schema_version": 1,
          "attributes": {
            "arn": "arn:aws:events:us-east-1:211125435761:rule/morning_rule",
            "description": "Rule to trigger Lambda function at 10 AM",
            "event_bus_name": "default",
            "event_pattern": null,
            "force_destroy": false,
            "id": "morning_rule",
            "is_enabled": true,
            "name": "morning_rule",
            "name_prefix": "",
            "role_arn": "",
            "schedule_expression": "cron(0 10 * * ? *)",
            "state": "ENABLED",
            "tags": null,
            "tags_all": {}
          },
          "sensitive_attributes": [],
          "private": "eyJzY2hlbWFfdmVyc2lvbiI6IjEifQ=="
        }
      ]
    },
    {
      "mode": "managed",
      "type": "aws_cloudwatch_event_target",
      "name": "evening_lambda_target",
      "provider": "provider[\"registry.terraform.io/hashicorp/aws\"]",
      "instances": [
        {
          "schema_version": 1,
          "attributes": {
            "arn": "arn:aws:lambda:us-east-1:211125435761:function:ec2_stop_auto",
            "batch_target": [],
            "dead_letter_config": [],
            "ecs_target": [],
            "event_bus_name": "default",
            "force_destroy": false,
            "http_target": [],
            "id": "evening_rule-evening_lambda_target",
            "input": "",
            "input_path": "",
            "input_transformer": [],
            "kinesis_target": [],
            "redshift_target": [],
            "retry_policy": [],
            "role_arn": "",
            "rule": "evening_rule",
            "run_command_targets": [],
            "sagemaker_pipeline_target": [],
            "sqs_target": [],
            "target_id": "evening_lambda_target"
          },
          "sensitive_attributes": [],
          "private": "eyJzY2hlbWFfdmVyc2lvbiI6IjEifQ==",
          "dependencies": [
            "aws_cloudwatch_event_rule.evening_rule",
            "aws_iam_role.lambda_role",
            "aws_lambda_function.ec2_stop",
            "data.archive_file.souece_ec2_stop"
          ]
        }
      ]
    },
    {
      "mode": "managed",
      "type": "aws_cloudwatch_event_target",
      "name": "morning_lambda_target",
      "provider": "provider[\"registry.terraform.io/hashicorp/aws\"]",
      "instances": [
        {
          "schema_version": 1,
          "attributes": {
            "arn": "arn:aws:lambda:us-east-1:211125435761:function:ec2_start_auto",
            "batch_target": [],
            "dead_letter_config": [],
            "ecs_target": [],
            "event_bus_name": "default",
            "force_destroy": false,
            "http_target": [],
            "id": "morning_rule-morning_lambda_target",
            "input": "",
            "input_path": "",
            "input_transformer": [],
            "kinesis_target": [],
            "redshift_target": [],
            "retry_policy": [],
            "role_arn": "",
            "rule": "morning_rule",
            "run_command_targets": [],
            "sagemaker_pipeline_target": [],
            "sqs_target": [],
            "target_id": "morning_lambda_target"
          },
          "sensitive_attributes": [],
          "private": "eyJzY2hlbWFfdmVyc2lvbiI6IjEifQ==",
          "dependencies": [
            "aws_cloudwatch_event_rule.morning_rule",
            "aws_iam_role.lambda_role",
            "aws_lambda_function.ec2_start",
            "data.archive_file.souece_ec2_start"
          ]
        }
      ]
    },
    {
      "mode": "managed",
      "type": "aws_iam_policy",
      "name": "policy",
      "provider": "provider[\"registry.terraform.io/hashicorp/aws\"]",
      "instances": [
        {
          "schema_version": 0,
          "attributes": {
            "arn": "arn:aws:iam::211125435761:policy/ec2_stop_start_policy",
            "attachment_count": 0,
            "description": "ec2_stop_start_policy",
            "id": "arn:aws:iam::211125435761:policy/ec2_stop_start_policy",
            "name": "ec2_stop_start_policy",
            "name_prefix": "",
            "path": "/",
            "policy": "{\"Statement\":[{\"Action\":[\"logs:CreateLogGroup\",\"logs:CreateLogStream\",\"logs:PutLogEvents\"],\"Effect\":\"Allow\",\"Resource\":\"arn:aws:logs:*:*:*\"},{\"Action\":[\"ec2:Start*\",\"ec2:Stop*\"],\"Effect\":\"Allow\",\"Resource\":\"*\"}],\"Version\":\"2012-10-17\"}",
            "policy_id": "ANPATCKAOPVYSYEEJCYWE",
            "tags": null,
            "tags_all": {}
          },
          "sensitive_attributes": [],
          "private": "bnVsbA=="
        }
      ]
    },
    {
      "mode": "managed",
      "type": "aws_iam_policy_attachment",
      "name": "ec2_auto_attach",
      "provider": "provider[\"registry.terraform.io/hashicorp/aws\"]",
      "instances": [
        {
          "schema_version": 0,
          "attributes": {
            "groups": null,
            "id": "ec2_stop_start_policy_attachment",
            "name": "ec2_stop_start_policy_attachment",
            "policy_arn": "arn:aws:iam::211125435761:policy/ec2_stop_start_policy",
            "roles": [
              "lambda_execution_role"
            ],
            "users": null
          },
          "sensitive_attributes": [],
          "private": "bnVsbA==",
          "dependencies": [
            "aws_iam_policy.policy",
            "aws_iam_role.lambda_role"
          ]
        }
      ]
    },
    {
      "mode": "managed",
      "type": "aws_iam_role",
      "name": "lambda_role",
      "provider": "provider[\"registry.terraform.io/hashicorp/aws\"]",
      "instances": [
        {
          "schema_version": 0,
          "attributes": {
            "arn": "arn:aws:iam::211125435761:role/lambda_execution_role",
            "assume_role_policy": "{\"Statement\":[{\"Action\":\"sts:AssumeRole\",\"Effect\":\"Allow\",\"Principal\":{\"Service\":\"lambda.amazonaws.com\"}}],\"Version\":\"2012-10-17\"}",
            "create_date": "2024-07-05T16:42:30Z",
            "description": "",
            "force_detach_policies": false,
            "id": "lambda_execution_role",
            "inline_policy": [],
            "managed_policy_arns": [],
            "max_session_duration": 3600,
            "name": "lambda_execution_role",
            "name_prefix": "",
            "path": "/",
            "permissions_boundary": "",
            "tags": null,
            "tags_all": {},
            "unique_id": "AROATCKAOPVY4VRDVIJYF"
          },
          "sensitive_attributes": [],
          "private": "bnVsbA=="
        }
      ]
    },
    {
      "mode": "managed",
      "type": "aws_iam_role_policy_attachment",
      "name": "lambda_policy_attachment",
      "provider": "provider[\"registry.terraform.io/hashicorp/aws\"]",
      "instances": [
        {
          "schema_version": 0,
          "attributes": {
            "id": "lambda_execution_role-20240705164231757100000001",
            "policy_arn": "arn:aws:iam::211125435761:policy/ec2_stop_start_policy",
            "role": "lambda_execution_role"
          },
          "sensitive_attributes": [],
          "private": "bnVsbA==",
          "dependencies": [
            "aws_iam_policy.policy",
            "aws_iam_role.lambda_role"
          ]
        }
      ]
    },
    {
      "mode": "managed",
      "type": "aws_lambda_function",
      "name": "ec2_start",
      "provider": "provider[\"registry.terraform.io/hashicorp/aws\"]",
      "instances": [
        {
          "schema_version": 0,
          "attributes": {
            "architectures": [
              "x86_64"
            ],
            "arn": "arn:aws:lambda:us-east-1:211125435761:function:ec2_start_auto",
            "code_sha256": "qOR5iFqESYVvf1Koolsz2Kmb8JDTl4y0cNjW7z59AxQ=",
            "code_signing_config_arn": "",
            "dead_letter_config": [],
            "description": "",
            "environment": [
              {
                "variables": {
                  "INSTANCE_ID": "yes",
                  "REGION": "us-east-1"
                }
              }
            ],
            "ephemeral_storage": [
              {
                "size": 512
              }
            ],
            "file_system_config": [],
            "filename": "ec2_start.zip",
            "function_name": "ec2_start_auto",
            "handler": "ec2_start.lambda_handler",
            "id": "ec2_start_auto",
            "image_config": [],
            "image_uri": "",
            "invoke_arn": "arn:aws:apigateway:us-east-1:lambda:path/2015-03-31/functions/arn:aws:lambda:us-east-1:211125435761:function:ec2_start_auto/invocations",
            "kms_key_arn": "",
            "last_modified": "2024-07-05T16:42:41.127+0000",
            "layers": null,
            "logging_config": [
              {
                "application_log_level": "",
                "log_format": "Text",
                "log_group": "/aws/lambda/ec2_start_auto",
                "system_log_level": ""
              }
            ],
            "memory_size": 128,
            "package_type": "Zip",
            "publish": false,
            "qualified_arn": "arn:aws:lambda:us-east-1:211125435761:function:ec2_start_auto:$LATEST",
            "qualified_invoke_arn": "arn:aws:apigateway:us-east-1:lambda:path/2015-03-31/functions/arn:aws:lambda:us-east-1:211125435761:function:ec2_start_auto:$LATEST/invocations",
            "replace_security_groups_on_destroy": null,
            "replacement_security_group_ids": null,
            "reserved_concurrent_executions": -1,
            "role": "arn:aws:iam::211125435761:role/lambda_execution_role",
            "runtime": "python3.9",
            "s3_bucket": null,
            "s3_key": null,
            "s3_object_version": null,
            "signing_job_arn": "",
            "signing_profile_version_arn": "",
            "skip_destroy": false,
            "snap_start": [],
            "source_code_hash": "qOR5iFqESYVvf1Koolsz2Kmb8JDTl4y0cNjW7z59AxQ=",
            "source_code_size": 350,
            "tags": null,
            "tags_all": {},
            "timeout": 60,
            "timeouts": null,
            "tracing_config": [
              {
                "mode": "PassThrough"
              }
            ],
            "version": "$LATEST",
            "vpc_config": []
          },
          "sensitive_attributes": [],
          "private": "eyJlMmJmYjczMC1lY2FhLTExZTYtOGY4OC0zNDM2M2JjN2M0YzAiOnsiY3JlYXRlIjo2MDAwMDAwMDAwMDAsImRlbGV0ZSI6NjAwMDAwMDAwMDAwLCJ1cGRhdGUiOjYwMDAwMDAwMDAwMH19",
          "dependencies": [
            "aws_iam_role.lambda_role",
            "data.archive_file.souece_ec2_start"
          ]
        }
      ]
    },
    {
      "mode": "managed",
      "type": "aws_lambda_function",
      "name": "ec2_stop",
      "provider": "provider[\"registry.terraform.io/hashicorp/aws\"]",
      "instances": [
        {
          "schema_version": 0,
          "attributes": {
            "architectures": [
              "x86_64"
            ],
            "arn": "arn:aws:lambda:us-east-1:211125435761:function:ec2_stop_auto",
            "code_sha256": "oAqE5eWWXE6NMK7+gYSxdJ9RZxtk9jkGMbYKvPnGMOE=",
            "code_signing_config_arn": "",
            "dead_letter_config": [],
            "description": "",
            "environment": [
              {
                "variables": {
                  "INSTANCE_ID": "yes",
                  "REGION": "us-east-1"
                }
              }
            ],
            "ephemeral_storage": [
              {
                "size": 512
              }
            ],
            "file_system_config": [],
            "filename": "ec2_stop.zip",
            "function_name": "ec2_stop_auto",
            "handler": "ec2_stop.lambda_handler",
            "id": "ec2_stop_auto",
            "image_config": [],
            "image_uri": "",
            "invoke_arn": "arn:aws:apigateway:us-east-1:lambda:path/2015-03-31/functions/arn:aws:lambda:us-east-1:211125435761:function:ec2_stop_auto/invocations",
            "kms_key_arn": "",
            "last_modified": "2024-07-05T16:42:47.984+0000",
            "layers": null,
            "logging_config": [
              {
                "application_log_level": "",
                "log_format": "Text",
                "log_group": "/aws/lambda/ec2_stop_auto",
                "system_log_level": ""
              }
            ],
            "memory_size": 128,
            "package_type": "Zip",
            "publish": false,
            "qualified_arn": "arn:aws:lambda:us-east-1:211125435761:function:ec2_stop_auto:$LATEST",
            "qualified_invoke_arn": "arn:aws:apigateway:us-east-1:lambda:path/2015-03-31/functions/arn:aws:lambda:us-east-1:211125435761:function:ec2_stop_auto:$LATEST/invocations",
            "replace_security_groups_on_destroy": null,
            "replacement_security_group_ids": null,
            "reserved_concurrent_executions": -1,
            "role": "arn:aws:iam::211125435761:role/lambda_execution_role",
            "runtime": "python3.9",
            "s3_bucket": null,
            "s3_key": null,
            "s3_object_version": null,
            "signing_job_arn": "",
            "signing_profile_version_arn": "",
            "skip_destroy": false,
            "snap_start": [],
            "source_code_hash": "oAqE5eWWXE6NMK7+gYSxdJ9RZxtk9jkGMbYKvPnGMOE=",
            "source_code_size": 322,
            "tags": null,
            "tags_all": {},
            "timeout": 60,
            "timeouts": null,
            "tracing_config": [
              {
                "mode": "PassThrough"
              }
            ],
            "version": "$LATEST",
            "vpc_config": []
          },
          "sensitive_attributes": [],
          "private": "eyJlMmJmYjczMC1lY2FhLTExZTYtOGY4OC0zNDM2M2JjN2M0YzAiOnsiY3JlYXRlIjo2MDAwMDAwMDAwMDAsImRlbGV0ZSI6NjAwMDAwMDAwMDAwLCJ1cGRhdGUiOjYwMDAwMDAwMDAwMH19",
          "dependencies": [
            "aws_iam_role.lambda_role",
            "data.archive_file.souece_ec2_stop"
          ]
        }
      ]
    },
    {
      "mode": "managed",
      "type": "aws_lambda_permission",
      "name": "ec2_start_perm",
      "provider": "provider[\"registry.terraform.io/hashicorp/aws\"]",
      "instances": [
        {
          "schema_version": 0,
          "attributes": {
            "action": "lambda:InvokeFunction",
            "event_source_token": null,
            "function_name": "ec2_start_auto",
            "function_url_auth_type": null,
            "id": "terraform-20240705164247738900000002",
            "principal": "events.amazonaws.com",
            "principal_org_id": null,
            "qualifier": "",
            "source_account": null,
            "source_arn": "arn:aws:events:us-east-1:211125435761:rule/morning_rule",
            "statement_id": "terraform-20240705164247738900000002",
            "statement_id_prefix": "terraform-"
          },
          "sensitive_attributes": [],
          "private": "bnVsbA==",
          "dependencies": [
            "aws_cloudwatch_event_rule.morning_rule",
            "aws_iam_role.lambda_role",
            "aws_lambda_function.ec2_start",
            "data.archive_file.souece_ec2_start"
          ]
        }
      ]
    },
    {
      "mode": "managed",
      "type": "aws_lambda_permission",
      "name": "ec2_stop_perm",
      "provider": "provider[\"registry.terraform.io/hashicorp/aws\"]",
      "instances": [
        {
          "schema_version": 0,
          "attributes": {
            "action": "lambda:InvokeFunction",
            "event_source_token": null,
            "function_name": "ec2_stop_auto",
            "function_url_auth_type": null,
            "id": "terraform-20240705164254607300000003",
            "principal": "events.amazonaws.com",
            "principal_org_id": null,
            "qualifier": "",
            "source_account": null,
            "source_arn": "arn:aws:events:us-east-1:211125435761:rule/evening_rule",
            "statement_id": "terraform-20240705164254607300000003",
            "statement_id_prefix": "terraform-"
          },
          "sensitive_attributes": [],
          "private": "bnVsbA==",
          "dependencies": [
            "aws_cloudwatch_event_rule.evening_rule",
            "aws_iam_role.lambda_role",
            "aws_lambda_function.ec2_stop",
            "data.archive_file.souece_ec2_stop"
          ]
        }
      ]
    }
  ],
  "check_results": null
}
